
Microsoft Visual Studio Solution File, Format Version 12.00
# Visual Studio Version 16
VisualStudioVersion = 16.0.30907.101
MinimumVisualStudioVersion = 10.0.40219.1
Project("{FAE04EC0-301F-11D3-BF4B-00C04F79EFBC}") = "EmployeeWageComputation", "EmployeeWageComputation\EmployeeWageComputation.csproj", "{F75D6FC0-CE50-4B16-A608-E180504309F1}"
EndProject
Global
	GlobalSection(SolutionConfigurationPlatforms) = preSolution
		Debug|Any CPU = Debug|Any CPU
		Release|Any CPU = Release|Any CPU
	EndGlobalSection
	GlobalSection(ProjectConfigurationPlatforms) = postSolution
		{F75D6FC0-CE50-4B16-A608-E180504309F1}.Debug|Any CPU.ActiveCfg = Debug|Any CPU
		{F75D6FC0-CE50-4B16-A608-E180504309F1}.Debug|Any CPU.Build.0 = Debug|Any CPU
		{F75D6FC0-CE50-4B16-A608-E180504309F1}.Release|Any CPU.ActiveCfg = Release|Any CPU
		{F75D6FC0-CE50-4B16-A608-E180504309F1}.Release|Any CPU.Build.0 = Release|Any CPU
	EndGlobalSection
	GlobalSection(SolutionProperties) = preSolution
		HideSolutionNode = FALSE
	EndGlobalSection
	GlobalSection(ExtensibilityGlobals) = postSolution
		SolutionGuid = {10599661-E54A-43D2-9889-731889CCCC74}
	EndGlobalSection
EndGlobal
